// !$*UTF8*$!
{
	archiveVersion = 1;
	classes = {
	};
	objectVersion = 56;
	objects = {

/* Begin PBXBuildFile section */
		CEE193152B59D2760062B610 /* ClockTimerApp.swift in Sources */ = {isa = PBXBuildFile; fileRef = CEE193142B59D2760062B610 /* ClockTimerApp.swift */; };
		CEE193172B59D2760062B610 /* ContentView.swift in Sources */ = {isa = PBXBuildFile; fileRef = CEE193162B59D2760062B610 /* ContentView.swift */; };
		CEE193192B59D2780062B610 /* Assets.xcassets in Resources */ = {isa = PBXBuildFile; fileRef = CEE193182B59D2780062B610 /* Assets.xcassets */; };
		CEE1931D2B59D2780062B610 /* Preview Assets.xcassets in Resources */ = {isa = PBXBuildFile; fileRef = CEE1931C2B59D2780062B610 /* Preview Assets.xcassets */; };
		CEE193272B59D2780062B610 /* ClockTimerTests.swift in Sources */ = {isa = PBXBuildFile; fileRef = CEE193262B59D2780062B610 /* ClockTimerTests.swift */; };
		CEE193312B59D2780062B610 /* ClockTimerUITests.swift in Sources */ = {isa = PBXBuildFile; fileRef = CEE193302B59D2780062B610 /* ClockTimerUITests.swift */; };
		CEE193332B59D2780062B610 /* ClockTimerUITestsLaunchTests.swift in Sources */ = {isa = PBXBuildFile; fileRef = CEE193322B59D2780062B610 /* ClockTimerUITestsLaunchTests.swift */; };
		CEE193402B59D29F0062B610 /* CountDownView.swift in Sources */ = {isa = PBXBuildFile; fileRef = CEE1933F2B59D29F0062B610 /* CountDownView.swift */; };
		CEE193422B59D2F70062B610 /* DateComponentsFormatter+CounterFormat.swift in Sources */ = {isa = PBXBuildFile; fileRef = CEE193412B59D2F70062B610 /* DateComponentsFormatter+CounterFormat.swift */; };
		CEE193442B59D3790062B610 /* CountUpView.swift in Sources */ = {isa = PBXBuildFile; fileRef = CEE193432B59D3790062B610 /* CountUpView.swift */; };
/* End PBXBuildFile section */

/* Begin PBXContainerItemProxy section */
		CEE193232B59D2780062B610 /* PBXContainerItemProxy */ = {
			isa = PBXContainerItemProxy;
			containerPortal = CEE193092B59D2760062B610 /* Project object */;
			proxyType = 1;
			remoteGlobalIDString = CEE193102B59D2760062B610;
			remoteInfo = ClockTimer;
		};
		CEE1932D2B59D2780062B610 /* PBXContainerItemProxy */ = {
			isa = PBXContainerItemProxy;
			containerPortal = CEE193092B59D2760062B610 /* Project object */;
			proxyType = 1;
			remoteGlobalIDString = CEE193102B59D2760062B610;
			remoteInfo = ClockTimer;
		};
/* End PBXContainerItemProxy section */

/* Begin PBXFileReference section */
		CEE193112B59D2760062B610 /* ClockTimer.app */ = {isa = PBXFileReference; explicitFileType = wrapper.application; includeInIndex = 0; path = ClockTimer.app; sourceTree = BUILT_PRODUCTS_DIR; };
		CEE193142B59D2760062B610 /* ClockTimerApp.swift */ = {isa = PBXFileReference; lastKnownFileType = sourcecode.swift; path = ClockTimerApp.swift; sourceTree = "<group>"; };
		CEE193162B59D2760062B610 /* ContentView.swift */ = {isa = PBXFileReference; lastKnownFileType = sourcecode.swift; path = ContentView.swift; sourceTree = "<group>"; };
		CEE193182B59D2780062B610 /* Assets.xcassets */ = {isa = PBXFileReference; lastKnownFileType = folder.assetcatalog; path = Assets.xcassets; sourceTree = "<group>"; };
		CEE1931A2B59D2780062B610 /* ClockTimer.entitlements */ = {isa = PBXFileReference; lastKnownFileType = text.plist.entitlements; path = ClockTimer.entitlements; sourceTree = "<group>"; };
		CEE1931C2B59D2780062B610 /* Preview Assets.xcassets */ = {isa = PBXFileReference; lastKnownFileType = folder.assetcatalog; path = "Preview Assets.xcassets"; sourceTree = "<group>"; };
		CEE193222B59D2780062B610 /* ClockTimerTests.xctest */ = {isa = PBXFileReference; explicitFileType = wrapper.cfbundle; includeInIndex = 0; path = ClockTimerTests.xctest; sourceTree = BUILT_PRODUCTS_DIR; };
		CEE193262B59D2780062B610 /* ClockTimerTests.swift */ = {isa = PBXFileReference; lastKnownFileType = sourcecode.swift; path = ClockTimerTests.swift; sourceTree = "<group>"; };
		CEE1932C2B59D2780062B610 /* ClockTimerUITests.xctest */ = {isa = PBXFileReference; explicitFileType = wrapper.cfbundle; includeInIndex = 0; path = ClockTimerUITests.xctest; sourceTree = BUILT_PRODUCTS_DIR; };
		CEE193302B59D2780062B610 /* ClockTimerUITests.swift */ = {isa = PBXFileReference; lastKnownFileType = sourcecode.swift; path = ClockTimerUITests.swift; sourceTree = "<group>"; };
		CEE193322B59D2780062B610 /* ClockTimerUITestsLaunchTests.swift */ = {isa = PBXFileReference; lastKnownFileType = sourcecode.swift; path = ClockTimerUITestsLaunchTests.swift; sourceTree = "<group>"; };
		CEE1933F2B59D29F0062B610 /* CountDownView.swift */ = {isa = PBXFileReference; lastKnownFileType = sourcecode.swift; path = CountDownView.swift; sourceTree = "<group>"; };
		CEE193412B59D2F70062B610 /* DateComponentsFormatter+CounterFormat.swift */ = {isa = PBXFileReference; lastKnownFileType = sourcecode.swift; path = "DateComponentsFormatter+CounterFormat.swift"; sourceTree = "<group>"; };
		CEE193432B59D3790062B610 /* CountUpView.swift */ = {isa = PBXFileReference; lastKnownFileType = sourcecode.swift; path = CountUpView.swift; sourceTree = "<group>"; };
/* End PBXFileReference section */

/* Begin PBXFrameworksBuildPhase section */
		CEE1930E2B59D2760062B610 /* Frameworks */ = {
			isa = PBXFrameworksBuildPhase;
			buildActionMask = 2147483647;
			files = (
			);
			runOnlyForDeploymentPostprocessing = 0;
		};
		CEE1931F2B59D2780062B610 /* Frameworks */ = {
			isa = PBXFrameworksBuildPhase;
			buildActionMask = 2147483647;
			files = (
			);
			runOnlyForDeploymentPostprocessing = 0;
		};
		CEE193292B59D2780062B610 /* Frameworks */ = {
			isa = PBXFrameworksBuildPhase;
			buildActionMask = 2147483647;
			files = (
			);
			runOnlyForDeploymentPostprocessing = 0;
		};
/* End PBXFrameworksBuildPhase section */

/* Begin PBXGroup section */
		CEE193082B59D2760062B610 = {
			isa = PBXGroup;
			children = (
				CEE193132B59D2760062B610 /* ClockTimer */,
				CEE193252B59D2780062B610 /* ClockTimerTests */,
				CEE1932F2B59D2780062B610 /* ClockTimerUITests */,
				CEE193122B59D2760062B610 /* Products */,
			);
			sourceTree = "<group>";
		};
		CEE193122B59D2760062B610 /* Products */ = {
			isa = PBXGroup;
			children = (
				CEE193112B59D2760062B610 /* ClockTimer.app */,
				CEE193222B59D2780062B610 /* ClockTimerTests.xctest */,
				CEE1932C2B59D2780062B610 /* ClockTimerUITests.xctest */,
			);
			name = Products;
			sourceTree = "<group>";
		};
		CEE193132B59D2760062B610 /* ClockTimer */ = {
			isa = PBXGroup;
			children = (
				CEE193182B59D2780062B610 /* Assets.xcassets */,
				CEE1931A2B59D2780062B610 /* ClockTimer.entitlements */,
				CEE193142B59D2760062B610 /* ClockTimerApp.swift */,
				CEE193162B59D2760062B610 /* ContentView.swift */,
				CEE1933F2B59D29F0062B610 /* CountDownView.swift */,
				CEE193432B59D3790062B610 /* CountUpView.swift */,
				CEE193412B59D2F70062B610 /* DateComponentsFormatter+CounterFormat.swift */,
				CEE1931B2B59D2780062B610 /* Preview Content */,
			);
			path = ClockTimer;
			sourceTree = "<group>";
		};
		CEE1931B2B59D2780062B610 /* Preview Content */ = {
			isa = PBXGroup;
			children = (
				CEE1931C2B59D2780062B610 /* Preview Assets.xcassets */,
			);
			path = "Preview Content";
			sourceTree = "<group>";
		};
		CEE193252B59D2780062B610 /* ClockTimerTests */ = {
			isa = PBXGroup;
			children = (
				CEE193262B59D2780062B610 /* ClockTimerTests.swift */,
			);
			path = ClockTimerTests;
			sourceTree = "<group>";
		};
		CEE1932F2B59D2780062B610 /* ClockTimerUITests */ = {
			isa = PBXGroup;
			children = (
				CEE193302B59D2780062B610 /* ClockTimerUITests.swift */,
				CEE193322B59D2780062B610 /* ClockTimerUITestsLaunchTests.swift */,
			);
			path = ClockTimerUITests;
			sourceTree = "<group>";
		};
/* End PBXGroup section */

/* Begin PBXNativeTarget section */
		CEE193102B59D2760062B610 /* ClockTimer */ = {
			isa = PBXNativeTarget;
			buildConfigurationList = CEE193362B59D2780062B610 /* Build configuration list for PBXNativeTarget "ClockTimer" */;
			buildPhases = (
				CEE1930D2B59D2760062B610 /* Sources */,
				CEE1930E2B59D2760062B610 /* Frameworks */,
				CEE1930F2B59D2760062B610 /* Resources */,
			);
			buildRules = (
			);
			dependencies = (
			);
			name = ClockTimer;
			productName = ClockTimer;
			productReference = CEE193112B59D2760062B610 /* ClockTimer.app */;
			productType = "com.apple.product-type.application";
		};
		CEE193212B59D2780062B610 /* ClockTimerTests */ = {
			isa = PBXNativeTarget;
			buildConfigurationList = CEE193392B59D2780062B610 /* Build configuration list for PBXNativeTarget "ClockTimerTests" */;
			buildPhases = (
				CEE1931E2B59D2780062B610 /* Sources */,
				CEE1931F2B59D2780062B610 /* Frameworks */,
				CEE193202B59D2780062B610 /* Resources */,
			);
			buildRules = (
			);
			dependencies = (
				CEE193242B59D2780062B610 /* PBXTargetDependency */,
			);
			name = ClockTimerTests;
			productName = ClockTimerTests;
			productReference = CEE193222B59D2780062B610 /* ClockTimerTests.xctest */;
			productType = "com.apple.product-type.bundle.unit-test";
		};
		CEE1932B2B59D2780062B610 /* ClockTimerUITests */ = {
			isa = PBXNativeTarget;
			buildConfigurationList = CEE1933C2B59D2780062B610 /* Build configuration list for PBXNativeTarget "ClockTimerUITests" */;
			buildPhases = (
				CEE193282B59D2780062B610 /* Sources */,
				CEE193292B59D2780062B610 /* Frameworks */,
				CEE1932A2B59D2780062B610 /* Resources */,
			);
			buildRules = (
			);
			dependencies = (
				CEE1932E2B59D2780062B610 /* PBXTargetDependency */,
			);
			name = ClockTimerUITests;
			productName = ClockTimerUITests;
			productReference = CEE1932C2B59D2780062B610 /* ClockTimerUITests.xctest */;
			productType = "com.apple.product-type.bundle.ui-testing";
		};
/* End PBXNativeTarget section */

/* Begin PBXProject section */
		CEE193092B59D2760062B610 /* Project object */ = {
			isa = PBXProject;
			attributes = {
				BuildIndependentTargetsInParallel = 1;
				LastSwiftUpdateCheck = 1520;
				LastUpgradeCheck = 1520;
				TargetAttributes = {
					CEE193102B59D2760062B610 = {
						CreatedOnToolsVersion = 15.2;
					};
					CEE193212B59D2780062B610 = {
						CreatedOnToolsVersion = 15.2;
						TestTargetID = CEE193102B59D2760062B610;
					};
					CEE1932B2B59D2780062B610 = {
						CreatedOnToolsVersion = 15.2;
						TestTargetID = CEE193102B59D2760062B610;
					};
				};
			};
			buildConfigurationList = CEE1930C2B59D2760062B610 /* Build configuration list for PBXProject "ClockTimer" */;
			compatibilityVersion = "Xcode 14.0";
			developmentRegion = en;
			hasScannedForEncodings = 0;
			knownRegions = (
				en,
				Base,
			);
			mainGroup = CEE193082B59D2760062B610;
			productRefGroup = CEE193122B59D2760062B610 /* Products */;
			projectDirPath = "";
			projectRoot = "";
			targets = (
				CEE193102B59D2760062B610 /* ClockTimer */,
				CEE193212B59D2780062B610 /* ClockTimerTests */,
				CEE1932B2B59D2780062B610 /* ClockTimerUITests */,
			);
		};
/* End PBXProject section */

/* Begin PBXResourcesBuildPhase section */
		CEE1930F2B59D2760062B610 /* Resources */ = {
			isa = PBXResourcesBuildPhase;
			buildActionMask = 2147483647;
			files = (
				CEE1931D2B59D2780062B610 /* Preview Assets.xcassets in Resources */,
				CEE193192B59D2780062B610 /* Assets.xcassets in Resources */,
			);
			runOnlyForDeploymentPostprocessing = 0;
		};
		CEE193202B59D2780062B610 /* Resources */ = {
			isa = PBXResourcesBuildPhase;
			buildActionMask = 2147483647;
			files = (
			);
			runOnlyForDeploymentPostprocessing = 0;
		};
		CEE1932A2B59D2780062B610 /* Resources */ = {
			isa = PBXResourcesBuildPhase;
			buildActionMask = 2147483647;
			files = (
			);
			runOnlyForDeploymentPostprocessing = 0;
		};
/* End PBXResourcesBuildPhase section */

/* Begin PBXSourcesBuildPhase section */
		CEE1930D2B59D2760062B610 /* Sources */ = {
			isa = PBXSourcesBuildPhase;
			buildActionMask = 2147483647;
			files = (
				CEE193422B59D2F70062B610 /* DateComponentsFormatter+CounterFormat.swift in Sources */,
				CEE193172B59D2760062B610 /* ContentView.swift in Sources */,
				CEE193152B59D2760062B610 /* ClockTimerApp.swift in Sources */,
				CEE193442B59D3790062B610 /* CountUpView.swift in Sources */,
				CEE193402B59D29F0062B610 /* CountDownView.swift in Sources */,
			);
			runOnlyForDeploymentPostprocessing = 0;
		};
		CEE1931E2B59D2780062B610 /* Sources */ = {
			isa = PBXSourcesBuildPhase;
			buildActionMask = 2147483647;
			files = (
				CEE193272B59D2780062B610 /* ClockTimerTests.swift in Sources */,
			);
			runOnlyForDeploymentPostprocessing = 0;
		};
		CEE193282B59D2780062B610 /* Sources */ = {
			isa = PBXSourcesBuildPhase;
			buildActionMask = 2147483647;
			files = (
				CEE193312B59D2780062B610 /* ClockTimerUITests.swift in Sources */,
				CEE193332B59D2780062B610 /* ClockTimerUITestsLaunchTests.swift in Sources */,
			);
			runOnlyForDeploymentPostprocessing = 0;
		};
/* End PBXSourcesBuildPhase section */

/* Begin PBXTargetDependency section */
		CEE193242B59D2780062B610 /* PBXTargetDependency */ = {
			isa = PBXTargetDependency;
			target = CEE193102B59D2760062B610 /* ClockTimer */;
			targetProxy = CEE193232B59D2780062B610 /* PBXContainerItemProxy */;
		};
		CEE1932E2B59D2780062B610 /* PBXTargetDependency */ = {
			isa = PBXTargetDependency;
			target = CEE193102B59D2760062B610 /* ClockTimer */;
			targetProxy = CEE1932D2B59D2780062B610 /* PBXContainerItemProxy */;
		};
/* End PBXTargetDependency section */

/* Begin XCBuildConfiguration section */
		CEE193342B59D2780062B610 /* Debug */ = {
			isa = XCBuildConfiguration;
			buildSettings = {
				ALWAYS_SEARCH_USER_PATHS = NO;
				ASSETCATALOG_COMPILER_GENERATE_SWIFT_ASSET_SYMBOL_EXTENSIONS = YES;
				CLANG_ANALYZER_NONNULL = YES;
				CLANG_ANALYZER_NUMBER_OBJECT_CONVERSION = YES_AGGRESSIVE;
				CLANG_CXX_LANGUAGE_STANDARD = "gnu++20";
				CLANG_ENABLE_MODULES = YES;
				CLANG_ENABLE_OBJC_ARC = YES;
				CLANG_ENABLE_OBJC_WEAK = YES;
				CLANG_WARN_BLOCK_CAPTURE_AUTORELEASING = YES;
				CLANG_WARN_BOOL_CONVERSION = YES;
				CLANG_WARN_COMMA = YES;
				CLANG_WARN_CONSTANT_CONVERSION = YES;
				CLANG_WARN_DEPRECATED_OBJC_IMPLEMENTATIONS = YES;
				CLANG_WARN_DIRECT_OBJC_ISA_USAGE = YES_ERROR;
				CLANG_WARN_DOCUMENTATION_COMMENTS = YES;
				CLANG_WARN_EMPTY_BODY = YES;
				CLANG_WARN_ENUM_CONVERSION = YES;
				CLANG_WARN_INFINITE_RECURSION = YES;
				CLANG_WARN_INT_CONVERSION = YES;
				CLANG_WARN_NON_LITERAL_NULL_CONVERSION = YES;
				CLANG_WARN_OBJC_IMPLICIT_RETAIN_SELF = YES;
				CLANG_WARN_OBJC_LITERAL_CONVERSION = YES;
				CLANG_WARN_OBJC_ROOT_CLASS = YES_ERROR;
				CLANG_WARN_QUOTED_INCLUDE_IN_FRAMEWORK_HEADER = YES;
				CLANG_WARN_RANGE_LOOP_ANALYSIS = YES;
				CLANG_WARN_STRICT_PROTOTYPES = YES;
				CLANG_WARN_SUSPICIOUS_MOVE = YES;
				CLANG_WARN_UNGUARDED_AVAILABILITY = YES_AGGRESSIVE;
				CLANG_WARN_UNREACHABLE_CODE = YES;
				CLANG_WARN__DUPLICATE_METHOD_MATCH = YES;
				COPY_PHASE_STRIP = NO;
				DEBUG_INFORMATION_FORMAT = dwarf;
				ENABLE_STRICT_OBJC_MSGSEND = YES;
				ENABLE_TESTABILITY = YES;
				ENABLE_USER_SCRIPT_SANDBOXING = YES;
				GCC_C_LANGUAGE_STANDARD = gnu17;
				GCC_DYNAMIC_NO_PIC = NO;
				GCC_NO_COMMON_BLOCKS = YES;
				GCC_OPTIMIZATION_LEVEL = 0;
				GCC_PREPROCESSOR_DEFINITIONS = (
					"DEBUG=1",
					"$(inherited)",
				);
				GCC_WARN_64_TO_32_BIT_CONVERSION = YES;
				GCC_WARN_ABOUT_RETURN_TYPE = YES_ERROR;
				GCC_WARN_UNDECLARED_SELECTOR = YES;
				GCC_WARN_UNINITIALIZED_AUTOS = YES_AGGRESSIVE;
				GCC_WARN_UNUSED_FUNCTION = YES;
				GCC_WARN_UNUSED_VARIABLE = YES;
				LOCALIZATION_PREFERS_STRING_CATALOGS = YES;
				MTL_ENABLE_DEBUG_INFO = INCLUDE_SOURCE;
				MTL_FAST_MATH = YES;
				ONLY_ACTIVE_ARCH = YES;
				SWIFT_ACTIVE_COMPILATION_CONDITIONS = "DEBUG $(inherited)";
				SWIFT_OPTIMIZATION_LEVEL = "-Onone";
			};
			name = Debug;
		};
		CEE193352B59D2780062B610 /* Release */ = {
			isa = XCBuildConfiguration;
			buildSettings = {
				ALWAYS_SEARCH_USER_PATHS = NO;
				ASSETCATALOG_COMPILER_GENERATE_SWIFT_ASSET_SYMBOL_EXTENSIONS = YES;
				CLANG_ANALYZER_NONNULL = YES;
				CLANG_ANALYZER_NUMBER_OBJECT_CONVERSION = YES_AGGRESSIVE;
				CLANG_CXX_LANGUAGE_STANDARD = "gnu++20";
				CLANG_ENABLE_MODULES = YES;
				CLANG_ENABLE_OBJC_ARC = YES;
				CLANG_ENABLE_OBJC_WEAK = YES;
				CLANG_WARN_BLOCK_CAPTURE_AUTORELEASING = YES;
				CLANG_WARN_BOOL_CONVERSION = YES;
				CLANG_WARN_COMMA = YES;
				CLANG_WARN_CONSTANT_CONVERSION = YES;
				CLANG_WARN_DEPRECATED_OBJC_IMPLEMENTATIONS = YES;
				CLANG_WARN_DIRECT_OBJC_ISA_USAGE = YES_ERROR;
				CLANG_WARN_DOCUMENTATION_COMMENTS = YES;
				CLANG_WARN_EMPTY_BODY = YES;
				CLANG_WARN_ENUM_CONVERSION = YES;
				CLANG_WARN_INFINITE_RECURSION = YES;
				CLANG_WARN_INT_CONVERSION = YES;
				CLANG_WARN_NON_LITERAL_NULL_CONVERSION = YES;
				CLANG_WARN_OBJC_IMPLICIT_RETAIN_SELF = YES;
				CLANG_WARN_OBJC_LITERAL_CONVERSION = YES;
				CLANG_WARN_OBJC_ROOT_CLASS = YES_ERROR;
				CLANG_WARN_QUOTED_INCLUDE_IN_FRAMEWORK_HEADER = YES;
				CLANG_WARN_RANGE_LOOP_ANALYSIS = YES;
				CLANG_WARN_STRICT_PROTOTYPES = YES;
				CLANG_WARN_SUSPICIOUS_MOVE = YES;
				CLANG_WARN_UNGUARDED_AVAILABILITY = YES_AGGRESSIVE;
				CLANG_WARN_UNREACHABLE_CODE = YES;
				CLANG_WARN__DUPLICATE_METHOD_MATCH = YES;
				COPY_PHASE_STRIP = NO;
				DEBUG_INFORMATION_FORMAT = "dwarf-with-dsym";
				ENABLE_NS_ASSERTIONS = NO;
				ENABLE_STRICT_OBJC_MSGSEND = YES;
				ENABLE_USER_SCRIPT_SANDBOXING = YES;
				GCC_C_LANGUAGE_STANDARD = gnu17;
				GCC_NO_COMMON_BLOCKS = YES;
				GCC_WARN_64_TO_32_BIT_CONVERSION = YES;
				GCC_WARN_ABOUT_RETURN_TYPE = YES_ERROR;
				GCC_WARN_UNDECLARED_SELECTOR = YES;
				GCC_WARN_UNINITIALIZED_AUTOS = YES_AGGRESSIVE;
				GCC_WARN_UNUSED_FUNCTION = YES;
				GCC_WARN_UNUSED_VARIABLE = YES;
				LOCALIZATION_PREFERS_STRING_CATALOGS = YES;
				MTL_ENABLE_DEBUG_INFO = NO;
				MTL_FAST_MATH = YES;
				SWIFT_COMPILATION_MODE = wholemodule;
			};
			name = Release;
		};
		CEE193372B59D2780062B610 /* Debug */ = {
			isa = XCBuildConfiguration;
			buildSettings = {
				ASSETCATALOG_COMPILER_APPICON_NAME = AppIcon;
				ASSETCATALOG_COMPILER_GLOBAL_ACCENT_COLOR_NAME = AccentColor;
				CODE_SIGN_ENTITLEMENTS = ClockTimer/ClockTimer.entitlements;
				CODE_SIGN_STYLE = Automatic;
				CURRENT_PROJECT_VERSION = 1;
				DEVELOPMENT_ASSET_PATHS = "\"ClockTimer/Preview Content\"";
				DEVELOPMENT_TEAM = YWXH886EY3;
				ENABLE_HARDENED_RUNTIME = YES;
				ENABLE_PREVIEWS = YES;
				GENERATE_INFOPLIST_FILE = YES;
				"INFOPLIST_KEY_UIApplicationSceneManifest_Generation[sdk=iphoneos*]" = YES;
				"INFOPLIST_KEY_UIApplicationSceneManifest_Generation[sdk=iphonesimulator*]" = YES;
				"INFOPLIST_KEY_UIApplicationSupportsIndirectInputEvents[sdk=iphoneos*]" = YES;
				"INFOPLIST_KEY_UIApplicationSupportsIndirectInputEvents[sdk=iphonesimulator*]" = YES;
				"INFOPLIST_KEY_UILaunchScreen_Generation[sdk=iphoneos*]" = YES;
				"INFOPLIST_KEY_UILaunchScreen_Generation[sdk=iphonesimulator*]" = YES;
				"INFOPLIST_KEY_UIStatusBarStyle[sdk=iphoneos*]" = UIStatusBarStyleDefault;
				"INFOPLIST_KEY_UIStatusBarStyle[sdk=iphonesimulator*]" = UIStatusBarStyleDefault;
				INFOPLIST_KEY_UISupportedInterfaceOrientations_iPad = "UIInterfaceOrientationPortrait UIInterfaceOrientationPortraitUpsideDown UIInterfaceOrientationLandscapeLeft UIInterfaceOrientationLandscapeRight";
				INFOPLIST_KEY_UISupportedInterfaceOrientations_iPhone = "UIInterfaceOrientationPortrait UIInterfaceOrientationLandscapeLeft UIInterfaceOrientationLandscapeRight";
				IPHONEOS_DEPLOYMENT_TARGET = 17.2;
				LD_RUNPATH_SEARCH_PATHS = "@executable_path/Frameworks";
				"LD_RUNPATH_SEARCH_PATHS[sdk=macosx*]" = "@executable_path/../Frameworks";
				MACOSX_DEPLOYMENT_TARGET = 14.2;
				MARKETING_VERSION = 1.0;
				PRODUCT_BUNDLE_IDENTIFIER = org.kaizen.testTimer.ClockTimer;
				PRODUCT_NAME = "$(TARGET_NAME)";
				SDKROOT = auto;
				SUPPORTED_PLATFORMS = "iphoneos iphonesimulator macosx";
				SWIFT_EMIT_LOC_STRINGS = YES;
				SWIFT_VERSION = 5.0;
				TARGETED_DEVICE_FAMILY = "1,2";
			};
			name = Debug;
		};
		CEE193382B59D2780062B610 /* Release */ = {
			isa = XCBuildConfiguration;
			buildSettings = {
				ASSETCATALOG_COMPILER_APPICON_NAME = AppIcon;
				ASSETCATALOG_COMPILER_GLOBAL_ACCENT_COLOR_NAME = AccentColor;
				CODE_SIGN_ENTITLEMENTS = ClockTimer/ClockTimer.entitlements;
				CODE_SIGN_STYLE = Automatic;
				CURRENT_PROJECT_VERSION = 1;
				DEVELOPMENT_ASSET_PATHS = "\"ClockTimer/Preview Content\"";
				DEVELOPMENT_TEAM = YWXH886EY3;
				ENABLE_HARDENED_RUNTIME = YES;
				ENABLE_PREVIEWS = YES;
				GENERATE_INFOPLIST_FILE = YES;
				"INFOPLIST_KEY_UIApplicationSceneManifest_Generation[sdk=iphoneos*]" = YES;
				"INFOPLIST_KEY_UIApplicationSceneManifest_Generation[sdk=iphonesimulator*]" = YES;
				"INFOPLIST_KEY_UIApplicationSupportsIndirectInputEvents[sdk=iphoneos*]" = YES;
				"INFOPLIST_KEY_UIApplicationSupportsIndirectInputEvents[sdk=iphonesimulator*]" = YES;
				"INFOPLIST_KEY_UILaunchScreen_Generation[sdk=iphoneos*]" = YES;
				"INFOPLIST_KEY_UILaunchScreen_Generation[sdk=iphonesimulator*]" = YES;
				"INFOPLIST_KEY_UIStatusBarStyle[sdk=iphoneos*]" = UIStatusBarStyleDefault;
				"INFOPLIST_KEY_UIStatusBarStyle[sdk=iphonesimulator*]" = UIStatusBarStyleDefault;
				INFOPLIST_KEY_UISupportedInterfaceOrientations_iPad = "UIInterfaceOrientationPortrait UIInterfaceOrientationPortraitUpsideDown UIInterfaceOrientationLandscapeLeft UIInterfaceOrientationLandscapeRight";
				INFOPLIST_KEY_UISupportedInterfaceOrientations_iPhone = "UIInterfaceOrientationPortrait UIInterfaceOrientationLandscapeLeft UIInterfaceOrientationLandscapeRight";
				IPHONEOS_DEPLOYMENT_TARGET = 17.2;
				LD_RUNPATH_SEARCH_PATHS = "@executable_path/Frameworks";
				"LD_RUNPATH_SEARCH_PATHS[sdk=macosx*]" = "@executable_path/../Frameworks";
				MACOSX_DEPLOYMENT_TARGET = 14.2;
				MARKETING_VERSION = 1.0;
				PRODUCT_BUNDLE_IDENTIFIER = org.kaizen.testTimer.ClockTimer;
				PRODUCT_NAME = "$(TARGET_NAME)";
				SDKROOT = auto;
				SUPPORTED_PLATFORMS = "iphoneos iphonesimulator macosx";
				SWIFT_EMIT_LOC_STRINGS = YES;
				SWIFT_VERSION = 5.0;
				TARGETED_DEVICE_FAMILY = "1,2";
			};
			name = Release;
		};
		CEE1933A2B59D2780062B610 /* Debug */ = {
			isa = XCBuildConfiguration;
			buildSettings = {
				ALWAYS_EMBED_SWIFT_STANDARD_LIBRARIES = YES;
				BUNDLE_LOADER = "$(TEST_HOST)";
				CODE_SIGN_STYLE = Automatic;
				CURRENT_PROJECT_VERSION = 1;
				DEVELOPMENT_TEAM = YWXH886EY3;
				GENERATE_INFOPLIST_FILE = YES;
				IPHONEOS_DEPLOYMENT_TARGET = 17.2;
				MACOSX_DEPLOYMENT_TARGET = 14.2;
				MARKETING_VERSION = 1.0;
				PRODUCT_BUNDLE_IDENTIFIER = org.kaizen.testTimer.ClockTimerTests;
				PRODUCT_NAME = "$(TARGET_NAME)";
				SDKROOT = auto;
				SUPPORTED_PLATFORMS = "iphoneos iphonesimulator macosx";
				SWIFT_EMIT_LOC_STRINGS = NO;
				SWIFT_VERSION = 5.0;
				TARGETED_DEVICE_FAMILY = "1,2";
				TEST_HOST = "$(BUILT_PRODUCTS_DIR)/ClockTimer.app/$(BUNDLE_EXECUTABLE_FOLDER_PATH)/ClockTimer";
			};
			name = Debug;
		};
		CEE1933B2B59D2780062B610 /* Release */ = {
			isa = XCBuildConfiguration;
			buildSettings = {
				ALWAYS_EMBED_SWIFT_STANDARD_LIBRARIES = YES;
				BUNDLE_LOADER = "$(TEST_HOST)";
				CODE_SIGN_STYLE = Automatic;
				CURRENT_PROJECT_VERSION = 1;
				DEVELOPMENT_TEAM = YWXH886EY3;
				GENERATE_INFOPLIST_FILE = YES;
				IPHONEOS_DEPLOYMENT_TARGET = 17.2;
				MACOSX_DEPLOYMENT_TARGET = 14.2;
				MARKETING_VERSION = 1.0;
				PRODUCT_BUNDLE_IDENTIFIER = org.kaizen.testTimer.ClockTimerTests;
				PRODUCT_NAME = "$(TARGET_NAME)";
				SDKROOT = auto;
				SUPPORTED_PLATFORMS = "iphoneos iphonesimulator macosx";
				SWIFT_EMIT_LOC_STRINGS = NO;
				SWIFT_VERSION = 5.0;
				TARGETED_DEVICE_FAMILY = "1,2";
				TEST_HOST = "$(BUILT_PRODUCTS_DIR)/ClockTimer.app/$(BUNDLE_EXECUTABLE_FOLDER_PATH)/ClockTimer";
			};
			name = Release;
		};
		CEE1933D2B59D2780062B610 /* Debug */ = {
			isa = XCBuildConfiguration;
			buildSettings = {
				ALWAYS_EMBED_SWIFT_STANDARD_LIBRARIES = YES;
				CODE_SIGN_STYLE = Automatic;
				CURRENT_PROJECT_VERSION = 1;
				DEVELOPMENT_TEAM = YWXH886EY3;
				GENERATE_INFOPLIST_FILE = YES;
				IPHONEOS_DEPLOYMENT_TARGET = 17.2;
				MACOSX_DEPLOYMENT_TARGET = 14.2;
				MARKETING_VERSION = 1.0;
				PRODUCT_BUNDLE_IDENTIFIER = org.kaizen.testTimer.ClockTimerUITests;
				PRODUCT_NAME = "$(TARGET_NAME)";
				SDKROOT = auto;
				SUPPORTED_PLATFORMS = "iphoneos iphonesimulator macosx";
				SWIFT_EMIT_LOC_STRINGS = NO;
				SWIFT_VERSION = 5.0;
				TARGETED_DEVICE_FAMILY = "1,2";
				TEST_TARGET_NAME = ClockTimer;
			};
			name = Debug;
		};
		CEE1933E2B59D2780062B610 /* Release */ = {
			isa = XCBuildConfiguration;
			buildSettings = {
				ALWAYS_EMBED_SWIFT_STANDARD_LIBRARIES = YES;
				CODE_SIGN_STYLE = Automatic;
				CURRENT_PROJECT_VERSION = 1;
				DEVELOPMENT_TEAM = YWXH886EY3;
				GENERATE_INFOPLIST_FILE = YES;
				IPHONEOS_DEPLOYMENT_TARGET = 17.2;
				MACOSX_DEPLOYMENT_TARGET = 14.2;
				MARKETING_VERSION = 1.0;
				PRODUCT_BUNDLE_IDENTIFIER = org.kaizen.testTimer.ClockTimerUITests;
				PRODUCT_NAME = "$(TARGET_NAME)";
				SDKROOT = auto;
				SUPPORTED_PLATFORMS = "iphoneos iphonesimulator macosx";
				SWIFT_EMIT_LOC_STRINGS = NO;
				SWIFT_VERSION = 5.0;
				TARGETED_DEVICE_FAMILY = "1,2";
				TEST_TARGET_NAME = ClockTimer;
			};
			name = Release;
		};
/* End XCBuildConfiguration section */

/* Begin XCConfigurationList section */
		CEE1930C2B59D2760062B610 /* Build configuration list for PBXProject "ClockTimer" */ = {
			isa = XCConfigurationList;
			buildConfigurations = (
				CEE193342B59D2780062B610 /* Debug */,
				CEE193352B59D2780062B610 /* Release */,
			);
			defaultConfigurationIsVisible = 0;
			defaultConfigurationName = Release;
		};
		CEE193362B59D2780062B610 /* Build configuration list for PBXNativeTarget "ClockTimer" */ = {
			isa = XCConfigurationList;
			buildConfigurations = (
				CEE193372B59D2780062B610 /* Debug */,
				CEE193382B59D2780062B610 /* Release */,
			);
			defaultConfigurationIsVisible = 0;
			defaultConfigurationName = Release;
		};
		CEE193392B59D2780062B610 /* Build configuration list for PBXNativeTarget "ClockTimerTests" */ = {
			isa = XCConfigurationList;
			buildConfigurations = (
				CEE1933A2B59D2780062B610 /* Debug */,
				CEE1933B2B59D2780062B610 /* Release */,
			);
			defaultConfigurationIsVisible = 0;
			defaultConfigurationName = Release;
		};
		CEE1933C2B59D2780062B610 /* Build configuration list for PBXNativeTarget "ClockTimerUITests" */ = {
			isa = XCConfigurationList;
			buildConfigurations = (
				CEE1933D2B59D2780062B610 /* Debug */,
				CEE1933E2B59D2780062B610 /* Release */,
			);
			defaultConfigurationIsVisible = 0;
			defaultConfigurationName = Release;
		};
/* End XCConfigurationList section */
	};
	rootObject = CEE193092B59D2760062B610 /* Project object */;
}
